
Microsoft Visual Studio Solution File, Format Version 12.00
# Visual Studio Version 17
VisualStudioVersion = 17.10.34607.79
MinimumVisualStudioVersion = 10.0.40219.1
Project("{FAE04EC0-301F-11D3-BF4B-00C04F79EFBC}") = "FanControlClient", "FanControlClient\FanControlClient.csproj", "{C083D6A4-3FC6-4211-8DD6-98EF7ADB27E8}"
EndProject
Global
	GlobalSection(SolutionConfigurationPlatforms) = preSolution
		Debug|Any CPU = Debug|Any CPU
		Release|Any CPU = Release|Any CPU
	EndGlobalSection
	GlobalSection(ProjectConfigurationPlatforms) = postSolution
		{C083D6A4-3FC6-4211-8DD6-98EF7ADB27E8}.Debug|Any CPU.ActiveCfg = Debug|Any CPU
		{C083D6A4-3FC6-4211-8DD6-98EF7ADB27E8}.Debug|Any CPU.Build.0 = Debug|Any CPU
		{C083D6A4-3FC6-4211-8DD6-98EF7ADB27E8}.Release|Any CPU.ActiveCfg = Release|Any CPU
		{C083D6A4-3FC6-4211-8DD6-98EF7ADB27E8}.Release|Any CPU.Build.0 = Release|Any CPU
	EndGlobalSection
	GlobalSection(SolutionProperties) = preSolution
		HideSolutionNode = FALSE
	EndGlobalSection
	GlobalSection(ExtensibilityGlobals) = postSolution
		SolutionGuid = {653A07C7-306A-4C4D-A3E3-7695067C5D1E}
	EndGlobalSection
EndGlobal
